// !$*UTF8*$!
{
	archiveVersion = 1;
	classes = {
	};
	objectVersion = 46;
	objects = {

/* Begin PBXBuildFile section */
		03A0C8011C498C7D004213DB /* main.m in Sources */ = {isa = PBXBuildFile; fileRef = 03A0C8001C498C7D004213DB /* main.m */; };
		03A0C8041C498C7D004213DB /* AppDelegate.m in Sources */ = {isa = PBXBuildFile; fileRef = 03A0C8031C498C7D004213DB /* AppDelegate.m */; };
		03A0C8061C498C7D004213DB /* Shader.fsh in Resources */ = {isa = PBXBuildFile; fileRef = 03A0C8051C498C7D004213DB /* Shader.fsh */; };
		03A0C8081C498C7D004213DB /* Shader.vsh in Resources */ = {isa = PBXBuildFile; fileRef = 03A0C8071C498C7D004213DB /* Shader.vsh */; };
		03A0C80B1C498C7D004213DB /* GameViewController.m in Sources */ = {isa = PBXBuildFile; fileRef = 03A0C80A1C498C7D004213DB /* GameViewController.m */; };
		03A0C80E1C498C7D004213DB /* Main.storyboard in Resources */ = {isa = PBXBuildFile; fileRef = 03A0C80C1C498C7D004213DB /* Main.storyboard */; };
		03A0C8101C498C7D004213DB /* Assets.xcassets in Resources */ = {isa = PBXBuildFile; fileRef = 03A0C80F1C498C7D004213DB /* Assets.xcassets */; };
		03A0C8131C498C7D004213DB /* LaunchScreen.storyboard in Resources */ = {isa = PBXBuildFile; fileRef = 03A0C8111C498C7D004213DB /* LaunchScreen.storyboard */; };
		03A0C81D1C4992FD004213DB /* Plane.m in Sources */ = {isa = PBXBuildFile; fileRef = 03A0C81C1C4992FD004213DB /* Plane.m */; };
		03A0C82C1C499B4C004213DB /* NSMutableArray+Queue.m in Sources */ = {isa = PBXBuildFile; fileRef = 03A0C82B1C499B4C004213DB /* NSMutableArray+Queue.m */; };
		03A0C82F1C499CC2004213DB /* PlaneObject.m in Sources */ = {isa = PBXBuildFile; fileRef = 03A0C82E1C499CC2004213DB /* PlaneObject.m */; };
		03A0C8321C49A13A004213DB /* PlaneContainer.m in Sources */ = {isa = PBXBuildFile; fileRef = 03A0C8311C49A13A004213DB /* PlaneContainer.m */; };
		340557381C6BD551001DD32E /* Conductor.swift in Sources */ = {isa = PBXBuildFile; fileRef = 340557351C6BD551001DD32E /* Conductor.swift */; };
		340557391C6BD551001DD32E /* CoreInstrument.swift in Sources */ = {isa = PBXBuildFile; fileRef = 340557361C6BD551001DD32E /* CoreInstrument.swift */; };
		3405573A1C6BD551001DD32E /* CoreVoice.swift in Sources */ = {isa = PBXBuildFile; fileRef = 340557371C6BD551001DD32E /* CoreVoice.swift */; };
		3405573F1C6BD575001DD32E /* Fatten.swift in Sources */ = {isa = PBXBuildFile; fileRef = 3405573C1C6BD575001DD32E /* Fatten.swift */; };
		340557401C6BD575001DD32E /* FilterSection.swift in Sources */ = {isa = PBXBuildFile; fileRef = 3405573D1C6BD575001DD32E /* FilterSection.swift */; };
		340557411C6BD575001DD32E /* MultiDelay.swift in Sources */ = {isa = PBXBuildFile; fileRef = 3405573E1C6BD575001DD32E /* MultiDelay.swift */; };
		340FB36A1C62978000F4A3AC /* Accelerate.framework in Frameworks */ = {isa = PBXBuildFile; fileRef = 03A0C81F1C499408004213DB /* Accelerate.framework */; };
		340FB36B1C62978800F4A3AC /* AudioKit.framework in Frameworks */ = {isa = PBXBuildFile; fileRef = 340FB3661C62976F00F4A3AC /* AudioKit.framework */; };
		340FB36C1C62978800F4A3AC /* AudioKit.framework in Embed Frameworks */ = {isa = PBXBuildFile; fileRef = 340FB3661C62976F00F4A3AC /* AudioKit.framework */; settings = {ATTRIBUTES = (CodeSignOnCopy, RemoveHeadersOnCopy, ); }; };
		340FB3781C629E9000F4A3AC /* Songs in Resources */ = {isa = PBXBuildFile; fileRef = 340FB3771C629E9000F4A3AC /* Songs */; };
		346671EC1C63D1C000583A6B /* Sounds in Resources */ = {isa = PBXBuildFile; fileRef = 03CADDEA1C595500008BE459 /* Sounds */; };
		347F7EFF1C97626F000AE69A /* NSScanner+Swift.swift in Sources */ = {isa = PBXBuildFile; fileRef = 347F7EFE1C97626F000AE69A /* NSScanner+Swift.swift */; };
		348326E61C779328003C22AC /* GameMusicPlayer.swift in Sources */ = {isa = PBXBuildFile; fileRef = 348326E51C779328003C22AC /* GameMusicPlayer.swift */; };
		34A9DD191C78E7B000A8CC7A /* MessageView.swift in Sources */ = {isa = PBXBuildFile; fileRef = 34A9DD181C78E7B000A8CC7A /* MessageView.swift */; };
		34A9DD1C1C78F91200A8CC7A /* Fonts in Resources */ = {isa = PBXBuildFile; fileRef = 34A9DD1B1C78F91200A8CC7A /* Fonts */; };
		34B673AF1C6E863800D7BD29 /* TempoKeeper.swift in Sources */ = {isa = PBXBuildFile; fileRef = 34B673AE1C6E863800D7BD29 /* TempoKeeper.swift */; };
		34B802221C974099002F1E36 /* SequenceReader.swift in Sources */ = {isa = PBXBuildFile; fileRef = 34B802211C974099002F1E36 /* SequenceReader.swift */; };
		34B802241C9740E3002F1E36 /* MusicNoteSequence.swift in Sources */ = {isa = PBXBuildFile; fileRef = 34B802231C9740E3002F1E36 /* MusicNoteSequence.swift */; };
		34B802261C974287002F1E36 /* SequenceNote.swift in Sources */ = {isa = PBXBuildFile; fileRef = 34B802251C974287002F1E36 /* SequenceNote.swift */; };
		34C445941C77B34C00654AD4 /* InteractiveSoundObject.swift in Sources */ = {isa = PBXBuildFile; fileRef = 34C445921C77B34C00654AD4 /* InteractiveSoundObject.swift */; };
		34C445951C77B34C00654AD4 /* SoundEffectController.swift in Sources */ = {isa = PBXBuildFile; fileRef = 34C445931C77B34C00654AD4 /* SoundEffectController.swift */; };
		4801BF4F1C6D99F3001784B7 /* Transformations.m in Sources */ = {isa = PBXBuildFile; fileRef = 4801BF4E1C6D99F3001784B7 /* Transformations.m */; };
		4801BF521C6DBB09001784B7 /* GridMovement.m in Sources */ = {isa = PBXBuildFile; fileRef = 4801BF511C6DBB09001784B7 /* GridMovement.m */; };
		4812A2FF1C9369D100C7B58A /* Easing.m in Sources */ = {isa = PBXBuildFile; fileRef = 4812A2FE1C9369D100C7B58A /* Easing.m */; };
		485974581C6E6391003FBC7C /* HandleInputs.m in Sources */ = {isa = PBXBuildFile; fileRef = 485974571C6E6391003FBC7C /* HandleInputs.m */; };
		920721AA1C6E58A200C929CB /* Player.m in Sources */ = {isa = PBXBuildFile; fileRef = 920721A91C6E58A200C929CB /* Player.m */; };
		920721BB1C6E7B7A00C929CB /* Shader.fsh in Resources */ = {isa = PBXBuildFile; fileRef = 920721B91C6E7B7A00C929CB /* Shader.fsh */; };
		920721BC1C6E7B7A00C929CB /* Shader.vsh in Resources */ = {isa = PBXBuildFile; fileRef = 920721BA1C6E7B7A00C929CB /* Shader.vsh */; };
		920721BF1C6E7BAD00C929CB /* BaseEffect.m in Sources */ = {isa = PBXBuildFile; fileRef = 920721BE1C6E7BAD00C929CB /* BaseEffect.m */; };
		920721CC1C6E865600C929CB /* FragmentShader.glsl in Resources */ = {isa = PBXBuildFile; fileRef = 920721CB1C6E865600C929CB /* FragmentShader.glsl */; };
		920721CE1C6E868600C929CB /* VertexShader.glsl in Resources */ = {isa = PBXBuildFile; fileRef = 920721CD1C6E868600C929CB /* VertexShader.glsl */; };
		92EBA11A1C6FAD1900993E0F /* GameScene.m in Sources */ = {isa = PBXBuildFile; fileRef = 92EBA1191C6FAD1900993E0F /* GameScene.m */; };
		D73542141C77BFE200274735 /* Bar.m in Sources */ = {isa = PBXBuildFile; fileRef = D73542131C77BFE200274735 /* Bar.m */; };
		D75068381C6D9971001FBCFD /* GameObject3D.m in Sources */ = {isa = PBXBuildFile; fileRef = D75068371C6D9971001FBCFD /* GameObject3D.m */; };
		D7A2DC321C791BF500B802C4 /* MusicBar.swift in Sources */ = {isa = PBXBuildFile; fileRef = D7A2DC311C791BF500B802C4 /* MusicBar.swift */; };
/* End PBXBuildFile section */

/* Begin PBXCopyFilesBuildPhase section */
		340FB36D1C62978800F4A3AC /* Embed Frameworks */ = {
			isa = PBXCopyFilesBuildPhase;
			buildActionMask = 2147483647;
			dstPath = "";
			dstSubfolderSpec = 10;
			files = (
				340FB36C1C62978800F4A3AC /* AudioKit.framework in Embed Frameworks */,
			);
			name = "Embed Frameworks";
			runOnlyForDeploymentPostprocessing = 0;
		};
/* End PBXCopyFilesBuildPhase section */

/* Begin PBXFileReference section */
		03A0C7FC1C498C7D004213DB /* Crescendo.app */ = {isa = PBXFileReference; explicitFileType = wrapper.application; includeInIndex = 0; path = Crescendo.app; sourceTree = BUILT_PRODUCTS_DIR; };
		03A0C8001C498C7D004213DB /* main.m */ = {isa = PBXFileReference; lastKnownFileType = sourcecode.c.objc; path = main.m; sourceTree = "<group>"; };
		03A0C8021C498C7D004213DB /* AppDelegate.h */ = {isa = PBXFileReference; lastKnownFileType = sourcecode.c.h; path = AppDelegate.h; sourceTree = "<group>"; };
		03A0C8031C498C7D004213DB /* AppDelegate.m */ = {isa = PBXFileReference; lastKnownFileType = sourcecode.c.objc; path = AppDelegate.m; sourceTree = "<group>"; };
		03A0C8051C498C7D004213DB /* Shader.fsh */ = {isa = PBXFileReference; lastKnownFileType = sourcecode.glsl; name = Shader.fsh; path = Shaders/Shader.fsh; sourceTree = "<group>"; };
		03A0C8071C498C7D004213DB /* Shader.vsh */ = {isa = PBXFileReference; lastKnownFileType = sourcecode.glsl; name = Shader.vsh; path = Shaders/Shader.vsh; sourceTree = "<group>"; };
		03A0C8091C498C7D004213DB /* GameViewController.h */ = {isa = PBXFileReference; lastKnownFileType = sourcecode.c.h; path = GameViewController.h; sourceTree = "<group>"; };
		03A0C80A1C498C7D004213DB /* GameViewController.m */ = {isa = PBXFileReference; lastKnownFileType = sourcecode.c.objc; path = GameViewController.m; sourceTree = "<group>"; };
		03A0C80D1C498C7D004213DB /* Base */ = {isa = PBXFileReference; lastKnownFileType = file.storyboard; name = Base; path = Base.lproj/Main.storyboard; sourceTree = "<group>"; };
		03A0C80F1C498C7D004213DB /* Assets.xcassets */ = {isa = PBXFileReference; lastKnownFileType = folder.assetcatalog; path = Assets.xcassets; sourceTree = "<group>"; };
		03A0C8121C498C7D004213DB /* Base */ = {isa = PBXFileReference; lastKnownFileType = file.storyboard; name = Base; path = Base.lproj/LaunchScreen.storyboard; sourceTree = "<group>"; };
		03A0C8141C498C7D004213DB /* Info.plist */ = {isa = PBXFileReference; lastKnownFileType = text.plist.xml; path = Info.plist; sourceTree = "<group>"; };
		03A0C81B1C4992FD004213DB /* Plane.h */ = {isa = PBXFileReference; fileEncoding = 4; lastKnownFileType = sourcecode.c.h; name = Plane.h; path = GameComponents/Plane.h; sourceTree = "<group>"; };
		03A0C81C1C4992FD004213DB /* Plane.m */ = {isa = PBXFileReference; fileEncoding = 4; lastKnownFileType = sourcecode.c.objc; name = Plane.m; path = GameComponents/Plane.m; sourceTree = "<group>"; };
		03A0C81F1C499408004213DB /* Accelerate.framework */ = {isa = PBXFileReference; lastKnownFileType = wrapper.framework; name = Accelerate.framework; path = System/Library/Frameworks/Accelerate.framework; sourceTree = SDKROOT; };
		03A0C82A1C499B4C004213DB /* NSMutableArray+Queue.h */ = {isa = PBXFileReference; fileEncoding = 4; lastKnownFileType = sourcecode.c.h; name = "NSMutableArray+Queue.h"; path = "Utilities/NSMutableArray+Queue.h"; sourceTree = "<group>"; };
		03A0C82B1C499B4C004213DB /* NSMutableArray+Queue.m */ = {isa = PBXFileReference; fileEncoding = 4; lastKnownFileType = sourcecode.c.objc; name = "NSMutableArray+Queue.m"; path = "Utilities/NSMutableArray+Queue.m"; sourceTree = "<group>"; };
		03A0C82D1C499CC2004213DB /* PlaneObject.h */ = {isa = PBXFileReference; fileEncoding = 4; lastKnownFileType = sourcecode.c.h; name = PlaneObject.h; path = GameComponents/PlaneObject.h; sourceTree = "<group>"; };
		03A0C82E1C499CC2004213DB /* PlaneObject.m */ = {isa = PBXFileReference; fileEncoding = 4; lastKnownFileType = sourcecode.c.objc; name = PlaneObject.m; path = GameComponents/PlaneObject.m; sourceTree = "<group>"; };
		03A0C8301C49A13A004213DB /* PlaneContainer.h */ = {isa = PBXFileReference; fileEncoding = 4; lastKnownFileType = sourcecode.c.h; name = PlaneContainer.h; path = GameComponents/PlaneContainer.h; sourceTree = "<group>"; };
		03A0C8311C49A13A004213DB /* PlaneContainer.m */ = {isa = PBXFileReference; fileEncoding = 4; lastKnownFileType = sourcecode.c.objc; name = PlaneContainer.m; path = GameComponents/PlaneContainer.m; sourceTree = "<group>"; };
		03CADDEA1C595500008BE459 /* Sounds */ = {isa = PBXFileReference; lastKnownFileType = folder; path = Sounds; sourceTree = "<group>"; };
		340557351C6BD551001DD32E /* Conductor.swift */ = {isa = PBXFileReference; fileEncoding = 4; lastKnownFileType = sourcecode.swift; path = Conductor.swift; sourceTree = "<group>"; };
		340557361C6BD551001DD32E /* CoreInstrument.swift */ = {isa = PBXFileReference; fileEncoding = 4; lastKnownFileType = sourcecode.swift; path = CoreInstrument.swift; sourceTree = "<group>"; };
		340557371C6BD551001DD32E /* CoreVoice.swift */ = {isa = PBXFileReference; fileEncoding = 4; lastKnownFileType = sourcecode.swift; path = CoreVoice.swift; sourceTree = "<group>"; };
		3405573C1C6BD575001DD32E /* Fatten.swift */ = {isa = PBXFileReference; fileEncoding = 4; lastKnownFileType = sourcecode.swift; path = Fatten.swift; sourceTree = "<group>"; };
		3405573D1C6BD575001DD32E /* FilterSection.swift */ = {isa = PBXFileReference; fileEncoding = 4; lastKnownFileType = sourcecode.swift; path = FilterSection.swift; sourceTree = "<group>"; };
		3405573E1C6BD575001DD32E /* MultiDelay.swift */ = {isa = PBXFileReference; fileEncoding = 4; lastKnownFileType = sourcecode.swift; path = MultiDelay.swift; sourceTree = "<group>"; };
		340FB3661C62976F00F4A3AC /* AudioKit.framework */ = {isa = PBXFileReference; lastKnownFileType = wrapper.framework; path = AudioKit.framework; sourceTree = "<group>"; };
		340FB3771C629E9000F4A3AC /* Songs */ = {isa = PBXFileReference; lastKnownFileType = folder; path = Songs; sourceTree = "<group>"; };
		347F7EFE1C97626F000AE69A /* NSScanner+Swift.swift */ = {isa = PBXFileReference; fileEncoding = 4; lastKnownFileType = sourcecode.swift; path = "NSScanner+Swift.swift"; sourceTree = "<group>"; };
		348326E51C779328003C22AC /* GameMusicPlayer.swift */ = {isa = PBXFileReference; fileEncoding = 4; lastKnownFileType = sourcecode.swift; name = GameMusicPlayer.swift; path = Crescendo/GameMusicPlayer.swift; sourceTree = "<group>"; };
		34A9DD181C78E7B000A8CC7A /* MessageView.swift */ = {isa = PBXFileReference; fileEncoding = 4; lastKnownFileType = sourcecode.swift; path = MessageView.swift; sourceTree = "<group>"; };
		34A9DD1B1C78F91200A8CC7A /* Fonts */ = {isa = PBXFileReference; lastKnownFileType = folder; path = Fonts; sourceTree = "<group>"; };
		34B673AE1C6E863800D7BD29 /* TempoKeeper.swift */ = {isa = PBXFileReference; fileEncoding = 4; lastKnownFileType = sourcecode.swift; path = TempoKeeper.swift; sourceTree = "<group>"; };
		34B802211C974099002F1E36 /* SequenceReader.swift */ = {isa = PBXFileReference; fileEncoding = 4; lastKnownFileType = sourcecode.swift; path = SequenceReader.swift; sourceTree = "<group>"; };
		34B802231C9740E3002F1E36 /* MusicNoteSequence.swift */ = {isa = PBXFileReference; fileEncoding = 4; lastKnownFileType = sourcecode.swift; path = MusicNoteSequence.swift; sourceTree = "<group>"; };
		34B802251C974287002F1E36 /* SequenceNote.swift */ = {isa = PBXFileReference; fileEncoding = 4; lastKnownFileType = sourcecode.swift; path = SequenceNote.swift; sourceTree = "<group>"; };
		34C445921C77B34C00654AD4 /* InteractiveSoundObject.swift */ = {isa = PBXFileReference; fileEncoding = 4; lastKnownFileType = sourcecode.swift; path = InteractiveSoundObject.swift; sourceTree = "<group>"; };
		34C445931C77B34C00654AD4 /* SoundEffectController.swift */ = {isa = PBXFileReference; fileEncoding = 4; lastKnownFileType = sourcecode.swift; path = SoundEffectController.swift; sourceTree = "<group>"; };
		4801BF4D1C6D99F3001784B7 /* Transformations.h */ = {isa = PBXFileReference; fileEncoding = 4; lastKnownFileType = sourcecode.c.h; name = Transformations.h; path = Utilities/Transformations.h; sourceTree = "<group>"; };
		4801BF4E1C6D99F3001784B7 /* Transformations.m */ = {isa = PBXFileReference; fileEncoding = 4; lastKnownFileType = sourcecode.c.objc; name = Transformations.m; path = Utilities/Transformations.m; sourceTree = "<group>"; };
		4801BF501C6DBB09001784B7 /* GridMovement.h */ = {isa = PBXFileReference; fileEncoding = 4; lastKnownFileType = sourcecode.c.h; name = GridMovement.h; path = GameComponents/GridMovement.h; sourceTree = "<group>"; };
		4801BF511C6DBB09001784B7 /* GridMovement.m */ = {isa = PBXFileReference; fileEncoding = 4; lastKnownFileType = sourcecode.c.objc; name = GridMovement.m; path = GameComponents/GridMovement.m; sourceTree = "<group>"; };
		4812A2FE1C9369D100C7B58A /* Easing.m */ = {isa = PBXFileReference; fileEncoding = 4; lastKnownFileType = sourcecode.c.objc; path = Easing.m; sourceTree = "<group>"; };
		4812A3001C936A3200C7B58A /* Easing.h */ = {isa = PBXFileReference; lastKnownFileType = sourcecode.c.h; path = Easing.h; sourceTree = "<group>"; };
		485974571C6E6391003FBC7C /* HandleInputs.m */ = {isa = PBXFileReference; fileEncoding = 4; lastKnownFileType = sourcecode.c.objc; path = HandleInputs.m; sourceTree = "<group>"; };
		485974591C6E63B7003FBC7C /* HandleInputs.h */ = {isa = PBXFileReference; lastKnownFileType = sourcecode.c.h; path = HandleInputs.h; sourceTree = "<group>"; };
		920721A81C6E58A200C929CB /* Player.h */ = {isa = PBXFileReference; fileEncoding = 4; lastKnownFileType = sourcecode.c.h; name = Player.h; path = GameComponents/Player.h; sourceTree = "<group>"; };
		920721A91C6E58A200C929CB /* Player.m */ = {isa = PBXFileReference; fileEncoding = 4; lastKnownFileType = sourcecode.c.objc; name = Player.m; path = GameComponents/Player.m; sourceTree = "<group>"; };
		920721B91C6E7B7A00C929CB /* Shader.fsh */ = {isa = PBXFileReference; fileEncoding = 4; lastKnownFileType = sourcecode.glsl; path = Shader.fsh; sourceTree = "<group>"; };
		920721BA1C6E7B7A00C929CB /* Shader.vsh */ = {isa = PBXFileReference; fileEncoding = 4; lastKnownFileType = sourcecode.glsl; path = Shader.vsh; sourceTree = "<group>"; };
		920721BD1C6E7BAD00C929CB /* BaseEffect.h */ = {isa = PBXFileReference; fileEncoding = 4; lastKnownFileType = sourcecode.c.h; path = BaseEffect.h; sourceTree = "<group>"; };
		920721BE1C6E7BAD00C929CB /* BaseEffect.m */ = {isa = PBXFileReference; fileEncoding = 4; lastKnownFileType = sourcecode.c.objc; path = BaseEffect.m; sourceTree = "<group>"; };
		920721C01C6E7C2B00C929CB /* Vertex.h */ = {isa = PBXFileReference; fileEncoding = 4; lastKnownFileType = sourcecode.c.h; path = Vertex.h; sourceTree = "<group>"; };
		920721CB1C6E865600C929CB /* FragmentShader.glsl */ = {isa = PBXFileReference; fileEncoding = 4; lastKnownFileType = text; path = FragmentShader.glsl; sourceTree = "<group>"; };
		920721CD1C6E868600C929CB /* VertexShader.glsl */ = {isa = PBXFileReference; fileEncoding = 4; lastKnownFileType = text; path = VertexShader.glsl; sourceTree = "<group>"; };
		9228E13E1C791A2D00115E16 /* Crescendo-Bridging-Header.h */ = {isa = PBXFileReference; lastKnownFileType = sourcecode.c.h; path = "Crescendo-Bridging-Header.h"; sourceTree = "<group>"; };
		927B9A8A1C778B0D005E3B67 /* ._.DS_Store */ = {isa = PBXFileReference; lastKnownFileType = file; path = ._.DS_Store; sourceTree = "<group>"; };
		927B9A8B1C778B0D005E3B67 /* playerModel.h */ = {isa = PBXFileReference; fileEncoding = 4; lastKnownFileType = sourcecode.c.h; path = playerModel.h; sourceTree = "<group>"; };
		927B9A931C790076005E3B67 /* cube.h */ = {isa = PBXFileReference; fileEncoding = 4; lastKnownFileType = sourcecode.c.h; path = cube.h; sourceTree = "<group>"; };
		92EBA1181C6FAD1900993E0F /* GameScene.h */ = {isa = PBXFileReference; fileEncoding = 4; lastKnownFileType = sourcecode.c.h; path = GameScene.h; sourceTree = "<group>"; };
		92EBA1191C6FAD1900993E0F /* GameScene.m */ = {isa = PBXFileReference; fileEncoding = 4; lastKnownFileType = sourcecode.c.objc; path = GameScene.m; sourceTree = "<group>"; };
		D733D5571C6FB88A00854AE9 /* TimeSignature.h */ = {isa = PBXFileReference; lastKnownFileType = sourcecode.c.h; path = TimeSignature.h; sourceTree = "<group>"; };
		D73542121C77BFCD00274735 /* Bar.h */ = {isa = PBXFileReference; lastKnownFileType = sourcecode.c.h; path = Bar.h; sourceTree = "<group>"; };
		D73542131C77BFE200274735 /* Bar.m */ = {isa = PBXFileReference; fileEncoding = 4; lastKnownFileType = sourcecode.c.objc; path = Bar.m; sourceTree = "<group>"; };
		D75068361C6D98C6001FBCFD /* GameObject3D.h */ = {isa = PBXFileReference; lastKnownFileType = sourcecode.c.h; path = GameObject3D.h; sourceTree = "<group>"; };
		D75068371C6D9971001FBCFD /* GameObject3D.m */ = {isa = PBXFileReference; fileEncoding = 4; lastKnownFileType = sourcecode.c.objc; path = GameObject3D.m; sourceTree = "<group>"; };
		D7A2DC301C78F37000B802C4 /* Constants.h */ = {isa = PBXFileReference; lastKnownFileType = sourcecode.c.h; path = Constants.h; sourceTree = "<group>"; };
		D7A2DC311C791BF500B802C4 /* MusicBar.swift */ = {isa = PBXFileReference; fileEncoding = 4; lastKnownFileType = sourcecode.swift; path = MusicBar.swift; sourceTree = "<group>"; };
/* End PBXFileReference section */

/* Begin PBXFrameworksBuildPhase section */
		03A0C7F91C498C7C004213DB /* Frameworks */ = {
			isa = PBXFrameworksBuildPhase;
			buildActionMask = 2147483647;
			files = (
				340FB36B1C62978800F4A3AC /* AudioKit.framework in Frameworks */,
				340FB36A1C62978000F4A3AC /* Accelerate.framework in Frameworks */,
			);
			runOnlyForDeploymentPostprocessing = 0;
		};
/* End PBXFrameworksBuildPhase section */

/* Begin PBXGroup section */
		03A0C7F31C498C7C004213DB = {
			isa = PBXGroup;
			children = (
				34A9DD181C78E7B000A8CC7A /* MessageView.swift */,
				340FB3661C62976F00F4A3AC /* AudioKit.framework */,
				03A0C81F1C499408004213DB /* Accelerate.framework */,
				03A0C7FE1C498C7D004213DB /* Crescendo */,
				03A0C7FD1C498C7D004213DB /* Products */,
			);
			sourceTree = "<group>";
		};
		03A0C7FD1C498C7D004213DB /* Products */ = {
			isa = PBXGroup;
			children = (
				03A0C7FC1C498C7D004213DB /* Crescendo.app */,
			);
			name = Products;
			sourceTree = "<group>";
		};
		03A0C7FE1C498C7D004213DB /* Crescendo */ = {
			isa = PBXGroup;
			children = (
				92EBA1171C6FACF400993E0F /* Scenes */,
				340557341C6BD531001DD32E /* AudioSystem */,
				485974561C6E6205003FBC7C /* Controller */,
				340FB3771C629E9000F4A3AC /* Songs */,
				920721D51C6E8A9700C929CB /* Models */,
				920721B81C6E7B7A00C929CB /* Shaders */,
				03AD817C1C5928E100934E91 /* Resources */,
				03A0C8251C4999AF004213DB /* Utilities */,
				03A0C81E1C49930D004213DB /* GameComponents */,
				03A0C8021C498C7D004213DB /* AppDelegate.h */,
				03A0C8031C498C7D004213DB /* AppDelegate.m */,
				03A0C8051C498C7D004213DB /* Shader.fsh */,
				03A0C8071C498C7D004213DB /* Shader.vsh */,
				9228E13E1C791A2D00115E16 /* Crescendo-Bridging-Header.h */,
				03A0C8091C498C7D004213DB /* GameViewController.h */,
				03A0C80A1C498C7D004213DB /* GameViewController.m */,
				03A0C80C1C498C7D004213DB /* Main.storyboard */,
				03A0C80F1C498C7D004213DB /* Assets.xcassets */,
				03A0C8111C498C7D004213DB /* LaunchScreen.storyboard */,
				03A0C8141C498C7D004213DB /* Info.plist */,
				03A0C7FF1C498C7D004213DB /* Supporting Files */,
			);
			path = Crescendo;
			sourceTree = "<group>";
		};
		03A0C7FF1C498C7D004213DB /* Supporting Files */ = {
			isa = PBXGroup;
			children = (
				03A0C8001C498C7D004213DB /* main.m */,
			);
			name = "Supporting Files";
			sourceTree = "<group>";
		};
		03A0C81E1C49930D004213DB /* GameComponents */ = {
			isa = PBXGroup;
			children = (
				D73542111C77BF6800274735 /* Planes */,
				D75068361C6D98C6001FBCFD /* GameObject3D.h */,
				D75068371C6D9971001FBCFD /* GameObject3D.m */,
				D733D5571C6FB88A00854AE9 /* TimeSignature.h */,
				920721A81C6E58A200C929CB /* Player.h */,
				920721A91C6E58A200C929CB /* Player.m */,
			);
			name = GameComponents;
			sourceTree = "<group>";
		};
		03A0C8251C4999AF004213DB /* Utilities */ = {
			isa = PBXGroup;
			children = (
				347F7EFE1C97626F000AE69A /* NSScanner+Swift.swift */,
				03A0C82A1C499B4C004213DB /* NSMutableArray+Queue.h */,
				03A0C82B1C499B4C004213DB /* NSMutableArray+Queue.m */,
				D7A2DC301C78F37000B802C4 /* Constants.h */,
				4812A2FE1C9369D100C7B58A /* Easing.m */,
				4812A3001C936A3200C7B58A /* Easing.h */,
			);
			name = Utilities;
			sourceTree = "<group>";
		};
		03AD817C1C5928E100934E91 /* Resources */ = {
			isa = PBXGroup;
			children = (
				34A9DD1B1C78F91200A8CC7A /* Fonts */,
				03CADDEA1C595500008BE459 /* Sounds */,
			);
			name = Resources;
			sourceTree = "<group>";
		};
		340557341C6BD531001DD32E /* AudioSystem */ = {
			isa = PBXGroup;
			children = (
				3405573B1C6BD564001DD32E /* AudioProcessors */,
				340557351C6BD551001DD32E /* Conductor.swift */,
				340557361C6BD551001DD32E /* CoreInstrument.swift */,
				340557371C6BD551001DD32E /* CoreVoice.swift */,
				348326E51C779328003C22AC /* GameMusicPlayer.swift */,
				34C445921C77B34C00654AD4 /* InteractiveSoundObject.swift */,
				D7A2DC311C791BF500B802C4 /* MusicBar.swift */,
				34B802231C9740E3002F1E36 /* MusicNoteSequence.swift */,
				34B802251C974287002F1E36 /* SequenceNote.swift */,
				34B802211C974099002F1E36 /* SequenceReader.swift */,
				34C445931C77B34C00654AD4 /* SoundEffectController.swift */,
				34B673AE1C6E863800D7BD29 /* TempoKeeper.swift */,
			);
			name = AudioSystem;
			path = ..;
			sourceTree = "<group>";
		};
		3405573B1C6BD564001DD32E /* AudioProcessors */ = {
			isa = PBXGroup;
			children = (
				3405573C1C6BD575001DD32E /* Fatten.swift */,
				3405573D1C6BD575001DD32E /* FilterSection.swift */,
				3405573E1C6BD575001DD32E /* MultiDelay.swift */,
			);
			name = AudioProcessors;
			sourceTree = "<group>";
		};
		485974561C6E6205003FBC7C /* Controller */ = {
			isa = PBXGroup;
			children = (
				4801BF4D1C6D99F3001784B7 /* Transformations.h */,
				4801BF4E1C6D99F3001784B7 /* Transformations.m */,
				4801BF501C6DBB09001784B7 /* GridMovement.h */,
				4801BF511C6DBB09001784B7 /* GridMovement.m */,
				485974591C6E63B7003FBC7C /* HandleInputs.h */,
				485974571C6E6391003FBC7C /* HandleInputs.m */,
			);
			name = Controller;
			sourceTree = "<group>";
		};
		920721B81C6E7B7A00C929CB /* Shaders */ = {
			isa = PBXGroup;
			children = (
				920721B91C6E7B7A00C929CB /* Shader.fsh */,
				920721BA1C6E7B7A00C929CB /* Shader.vsh */,
				920721BD1C6E7BAD00C929CB /* BaseEffect.h */,
				920721BE1C6E7BAD00C929CB /* BaseEffect.m */,
				920721C01C6E7C2B00C929CB /* Vertex.h */,
				920721CB1C6E865600C929CB /* FragmentShader.glsl */,
				920721CD1C6E868600C929CB /* VertexShader.glsl */,
			);
			path = Shaders;
			sourceTree = "<group>";
		};
		920721D51C6E8A9700C929CB /* Models */ = {
			isa = PBXGroup;
			children = (
				927B9A921C790076005E3B67 /* Cube */,
				927B9A891C778B0D005E3B67 /* Player */,
			);
			path = Models;
			sourceTree = "<group>";
		};
		927B9A891C778B0D005E3B67 /* Player */ = {
			isa = PBXGroup;
			children = (
				927B9A8A1C778B0D005E3B67 /* ._.DS_Store */,
				927B9A8B1C778B0D005E3B67 /* playerModel.h */,
			);
			path = Player;
			sourceTree = "<group>";
		};
		927B9A921C790076005E3B67 /* Cube */ = {
			isa = PBXGroup;
			children = (
				927B9A931C790076005E3B67 /* cube.h */,
			);
			path = Cube;
			sourceTree = "<group>";
		};
		92EBA1171C6FACF400993E0F /* Scenes */ = {
			isa = PBXGroup;
			children = (
				92EBA1181C6FAD1900993E0F /* GameScene.h */,
				92EBA1191C6FAD1900993E0F /* GameScene.m */,
			);
			path = Scenes;
			sourceTree = "<group>";
		};
		D73542111C77BF6800274735 /* Planes */ = {
			isa = PBXGroup;
			children = (
				03A0C8301C49A13A004213DB /* PlaneContainer.h */,
				03A0C8311C49A13A004213DB /* PlaneContainer.m */,
				03A0C81B1C4992FD004213DB /* Plane.h */,
				03A0C81C1C4992FD004213DB /* Plane.m */,
				03A0C82D1C499CC2004213DB /* PlaneObject.h */,
				03A0C82E1C499CC2004213DB /* PlaneObject.m */,
				D73542121C77BFCD00274735 /* Bar.h */,
				D73542131C77BFE200274735 /* Bar.m */,
			);
			name = Planes;
			sourceTree = "<group>";
		};
/* End PBXGroup section */

/* Begin PBXNativeTarget section */
		03A0C7FB1C498C7C004213DB /* Crescendo */ = {
			isa = PBXNativeTarget;
			buildConfigurationList = 03A0C8171C498C7D004213DB /* Build configuration list for PBXNativeTarget "Crescendo" */;
			buildPhases = (
				03A0C7F81C498C7C004213DB /* Sources */,
				03A0C7F91C498C7C004213DB /* Frameworks */,
				03A0C7FA1C498C7C004213DB /* Resources */,
				340FB36D1C62978800F4A3AC /* Embed Frameworks */,
			);
			buildRules = (
			);
			dependencies = (
			);
			name = Crescendo;
			productName = Crescendo;
			productReference = 03A0C7FC1C498C7D004213DB /* Crescendo.app */;
			productType = "com.apple.product-type.application";
		};
/* End PBXNativeTarget section */

/* Begin PBXProject section */
		03A0C7F41C498C7C004213DB /* Project object */ = {
			isa = PBXProject;
			attributes = {
				LastUpgradeCheck = 0720;
				ORGANIZATIONNAME = Equalizer;
				TargetAttributes = {
					03A0C7FB1C498C7C004213DB = {
						CreatedOnToolsVersion = 7.2;
						DevelopmentTeam = 766LELC49N;
						SystemCapabilities = {
							com.apple.BackgroundModes = {
								enabled = 1;
							};
						};
					};
				};
			};
			buildConfigurationList = 03A0C7F71C498C7C004213DB /* Build configuration list for PBXProject "Crescendo" */;
			compatibilityVersion = "Xcode 3.2";
			developmentRegion = English;
			hasScannedForEncodings = 0;
			knownRegions = (
				en,
				Base,
			);
			mainGroup = 03A0C7F31C498C7C004213DB;
			productRefGroup = 03A0C7FD1C498C7D004213DB /* Products */;
			projectDirPath = "";
			projectRoot = "";
			targets = (
				03A0C7FB1C498C7C004213DB /* Crescendo */,
			);
		};
/* End PBXProject section */

/* Begin PBXResourcesBuildPhase section */
		03A0C7FA1C498C7C004213DB /* Resources */ = {
			isa = PBXResourcesBuildPhase;
			buildActionMask = 2147483647;
			files = (
				346671EC1C63D1C000583A6B /* Sounds in Resources */,
				920721BB1C6E7B7A00C929CB /* Shader.fsh in Resources */,
				340FB3781C629E9000F4A3AC /* Songs in Resources */,
				03A0C80E1C498C7D004213DB /* Main.storyboard in Resources */,
				34A9DD1C1C78F91200A8CC7A /* Fonts in Resources */,
				920721BC1C6E7B7A00C929CB /* Shader.vsh in Resources */,
				920721CC1C6E865600C929CB /* FragmentShader.glsl in Resources */,
				920721CE1C6E868600C929CB /* VertexShader.glsl in Resources */,
				03A0C8081C498C7D004213DB /* Shader.vsh in Resources */,
				03A0C8101C498C7D004213DB /* Assets.xcassets in Resources */,
				03A0C8131C498C7D004213DB /* LaunchScreen.storyboard in Resources */,
				03A0C8061C498C7D004213DB /* Shader.fsh in Resources */,
			);
			runOnlyForDeploymentPostprocessing = 0;
		};
/* End PBXResourcesBuildPhase section */

/* Begin PBXSourcesBuildPhase section */
		03A0C7F81C498C7C004213DB /* Sources */ = {
			isa = PBXSourcesBuildPhase;
			buildActionMask = 2147483647;
			files = (
				348326E61C779328003C22AC /* GameMusicPlayer.swift in Sources */,
				D7A2DC321C791BF500B802C4 /* MusicBar.swift in Sources */,
				4812A2FF1C9369D100C7B58A /* Easing.m in Sources */,
				920721BF1C6E7BAD00C929CB /* BaseEffect.m in Sources */,
				03A0C8041C498C7D004213DB /* AppDelegate.m in Sources */,
				34C445941C77B34C00654AD4 /* InteractiveSoundObject.swift in Sources */,
				03A0C80B1C498C7D004213DB /* GameViewController.m in Sources */,
				3405573A1C6BD551001DD32E /* CoreVoice.swift in Sources */,
				340557391C6BD551001DD32E /* CoreInstrument.swift in Sources */,
				3405573F1C6BD575001DD32E /* Fatten.swift in Sources */,
				03A0C82F1C499CC2004213DB /* PlaneObject.m in Sources */,
				34B802261C974287002F1E36 /* SequenceNote.swift in Sources */,
				34B673AF1C6E863800D7BD29 /* TempoKeeper.swift in Sources */,
				D73542141C77BFE200274735 /* Bar.m in Sources */,
				920721AA1C6E58A200C929CB /* Player.m in Sources */,
				D75068381C6D9971001FBCFD /* GameObject3D.m in Sources */,
				340557381C6BD551001DD32E /* Conductor.swift in Sources */,
				03A0C8321C49A13A004213DB /* PlaneContainer.m in Sources */,
				347F7EFF1C97626F000AE69A /* NSScanner+Swift.swift in Sources */,
				340557401C6BD575001DD32E /* FilterSection.swift in Sources */,
				485974581C6E6391003FBC7C /* HandleInputs.m in Sources */,
				34C445951C77B34C00654AD4 /* SoundEffectController.swift in Sources */,
				34A9DD191C78E7B000A8CC7A /* MessageView.swift in Sources */,
				34B802241C9740E3002F1E36 /* MusicNoteSequence.swift in Sources */,
				03A0C81D1C4992FD004213DB /* Plane.m in Sources */,
				340557411C6BD575001DD32E /* MultiDelay.swift in Sources */,
				4801BF521C6DBB09001784B7 /* GridMovement.m in Sources */,
				34B802221C974099002F1E36 /* SequenceReader.swift in Sources */,
				4801BF4F1C6D99F3001784B7 /* Transformations.m in Sources */,
				03A0C8011C498C7D004213DB /* main.m in Sources */,
				92EBA11A1C6FAD1900993E0F /* GameScene.m in Sources */,
				03A0C82C1C499B4C004213DB /* NSMutableArray+Queue.m in Sources */,
			);
			runOnlyForDeploymentPostprocessing = 0;
		};
/* End PBXSourcesBuildPhase section */

/* Begin PBXVariantGroup section */
		03A0C80C1C498C7D004213DB /* Main.storyboard */ = {
			isa = PBXVariantGroup;
			children = (
				03A0C80D1C498C7D004213DB /* Base */,
			);
			name = Main.storyboard;
			sourceTree = "<group>";
		};
		03A0C8111C498C7D004213DB /* LaunchScreen.storyboard */ = {
			isa = PBXVariantGroup;
			children = (
				03A0C8121C498C7D004213DB /* Base */,
			);
			name = LaunchScreen.storyboard;
			sourceTree = "<group>";
		};
/* End PBXVariantGroup section */

/* Begin XCBuildConfiguration section */
		03A0C8151C498C7D004213DB /* Debug */ = {
			isa = XCBuildConfiguration;
			buildSettings = {
				ALWAYS_SEARCH_USER_PATHS = NO;
				CLANG_CXX_LANGUAGE_STANDARD = "gnu++0x";
				CLANG_CXX_LIBRARY = "libc++";
				CLANG_ENABLE_MODULES = YES;
				CLANG_ENABLE_OBJC_ARC = YES;
				CLANG_WARN_BOOL_CONVERSION = YES;
				CLANG_WARN_CONSTANT_CONVERSION = YES;
				CLANG_WARN_DIRECT_OBJC_ISA_USAGE = YES_ERROR;
				CLANG_WARN_EMPTY_BODY = YES;
				CLANG_WARN_ENUM_CONVERSION = YES;
				CLANG_WARN_INT_CONVERSION = YES;
				CLANG_WARN_OBJC_ROOT_CLASS = YES_ERROR;
				CLANG_WARN_UNREACHABLE_CODE = YES;
				CLANG_WARN__DUPLICATE_METHOD_MATCH = YES;
				"CODE_SIGN_IDENTITY[sdk=iphoneos*]" = "iPhone Developer";
				COPY_PHASE_STRIP = NO;
				DEBUG_INFORMATION_FORMAT = "dwarf-with-dsym";
				ENABLE_STRICT_OBJC_MSGSEND = YES;
				ENABLE_TESTABILITY = YES;
				GCC_C_LANGUAGE_STANDARD = gnu99;
				GCC_DYNAMIC_NO_PIC = NO;
				GCC_NO_COMMON_BLOCKS = YES;
				GCC_OPTIMIZATION_LEVEL = 0;
				GCC_PREPROCESSOR_DEFINITIONS = (
					"DEBUG=1",
					"$(inherited)",
				);
				GCC_WARN_64_TO_32_BIT_CONVERSION = YES;
				GCC_WARN_ABOUT_RETURN_TYPE = YES_ERROR;
				GCC_WARN_UNDECLARED_SELECTOR = YES;
				GCC_WARN_UNINITIALIZED_AUTOS = YES_AGGRESSIVE;
				GCC_WARN_UNUSED_FUNCTION = YES;
				GCC_WARN_UNUSED_VARIABLE = YES;
				IPHONEOS_DEPLOYMENT_TARGET = 9.2;
				MTL_ENABLE_DEBUG_INFO = YES;
				ONLY_ACTIVE_ARCH = YES;
				SDKROOT = iphoneos;
				SWIFT_INSTALL_OBJC_HEADER = NO;
				SWIFT_OBJC_BRIDGING_HEADER = "Crescendo/Crescendo-Bridging-Header.h";
				TARGETED_DEVICE_FAMILY = "1,2";
			};
			name = Debug;
		};
		03A0C8161C498C7D004213DB /* Release */ = {
			isa = XCBuildConfiguration;
			buildSettings = {
				ALWAYS_SEARCH_USER_PATHS = NO;
				CLANG_CXX_LANGUAGE_STANDARD = "gnu++0x";
				CLANG_CXX_LIBRARY = "libc++";
				CLANG_ENABLE_MODULES = YES;
				CLANG_ENABLE_OBJC_ARC = YES;
				CLANG_WARN_BOOL_CONVERSION = YES;
				CLANG_WARN_CONSTANT_CONVERSION = YES;
				CLANG_WARN_DIRECT_OBJC_ISA_USAGE = YES_ERROR;
				CLANG_WARN_EMPTY_BODY = YES;
				CLANG_WARN_ENUM_CONVERSION = YES;
				CLANG_WARN_INT_CONVERSION = YES;
				CLANG_WARN_OBJC_ROOT_CLASS = YES_ERROR;
				CLANG_WARN_UNREACHABLE_CODE = YES;
				CLANG_WARN__DUPLICATE_METHOD_MATCH = YES;
				"CODE_SIGN_IDENTITY[sdk=iphoneos*]" = "iPhone Developer";
				COPY_PHASE_STRIP = NO;
				DEBUG_INFORMATION_FORMAT = "dwarf-with-dsym";
				ENABLE_NS_ASSERTIONS = NO;
				ENABLE_STRICT_OBJC_MSGSEND = YES;
				GCC_C_LANGUAGE_STANDARD = gnu99;
				GCC_NO_COMMON_BLOCKS = YES;
				GCC_WARN_64_TO_32_BIT_CONVERSION = YES;
				GCC_WARN_ABOUT_RETURN_TYPE = YES_ERROR;
				GCC_WARN_UNDECLARED_SELECTOR = YES;
				GCC_WARN_UNINITIALIZED_AUTOS = YES_AGGRESSIVE;
				GCC_WARN_UNUSED_FUNCTION = YES;
				GCC_WARN_UNUSED_VARIABLE = YES;
				IPHONEOS_DEPLOYMENT_TARGET = 9.2;
				MTL_ENABLE_DEBUG_INFO = NO;
				SDKROOT = iphoneos;
				SWIFT_INSTALL_OBJC_HEADER = NO;
				SWIFT_OBJC_BRIDGING_HEADER = "Crescendo/Crescendo-Bridging-Header.h";
				TARGETED_DEVICE_FAMILY = "1,2";
				VALIDATE_PRODUCT = YES;
			};
			name = Release;
		};
		03A0C8181C498C7D004213DB /* Debug */ = {
			isa = XCBuildConfiguration;
			buildSettings = {
				ASSETCATALOG_COMPILER_APPICON_NAME = AppIcon;
				CLANG_ENABLE_MODULES = YES;
				CODE_SIGN_IDENTITY = "iPhone Developer";
				"CODE_SIGN_IDENTITY[sdk=iphoneos*]" = "iPhone Developer";
				DEFINES_MODULE = YES;
				FRAMEWORK_SEARCH_PATHS = (
					"$(inherited)",
					"$(PROJECT_DIR)",
					"$(PROJECT_DIR)/AudioKit/Frameworks/AudioKit-iOS",
				);
				INFOPLIST_FILE = Crescendo/Info.plist;
				IPHONEOS_DEPLOYMENT_TARGET = 9.1;
				LD_RUNPATH_SEARCH_PATHS = "$(inherited) @executable_path/Frameworks";
				"OTHER_CODE_SIGN_FLAGS[sdk=*]" = "--deep";
				PRODUCT_BUNDLE_IDENTIFIER = ca.matt.Crescendo;
				PRODUCT_NAME = "$(TARGET_NAME)";
				PROVISIONING_PROFILE = "";
				SWIFT_INSTALL_OBJC_HEADER = YES;
				SWIFT_OBJC_BRIDGING_HEADER = "Crescendo/Crescendo-Bridging-Header.h";
				SWIFT_OPTIMIZATION_LEVEL = "-Onone";
			};
			name = Debug;
		};
		03A0C8191C498C7D004213DB /* Release */ = {
			isa = XCBuildConfiguration;
			buildSettings = {
				ASSETCATALOG_COMPILER_APPICON_NAME = AppIcon;
				CLANG_ENABLE_MODULES = YES;
				CODE_SIGN_IDENTITY = "iPhone Developer";
				"CODE_SIGN_IDENTITY[sdk=iphoneos*]" = "iPhone Developer";
				DEFINES_MODULE = YES;
				FRAMEWORK_SEARCH_PATHS = (
					"$(inherited)",
					"$(PROJECT_DIR)",
					"$(PROJECT_DIR)/AudioKit/Frameworks/AudioKit-iOS",
				);
				INFOPLIST_FILE = Crescendo/Info.plist;
				IPHONEOS_DEPLOYMENT_TARGET = 9.1;
				LD_RUNPATH_SEARCH_PATHS = "$(inherited) @executable_path/Frameworks";
				"OTHER_CODE_SIGN_FLAGS[sdk=*]" = "--deep";
				PRODUCT_BUNDLE_IDENTIFIER = ca.matt.Crescendo;
				PRODUCT_NAME = "$(TARGET_NAME)";
				PROVISIONING_PROFILE = "";
				SWIFT_INSTALL_OBJC_HEADER = YES;
				SWIFT_OBJC_BRIDGING_HEADER = "Crescendo/Crescendo-Bridging-Header.h";
			};
			name = Release;
		};
/* End XCBuildConfiguration section */

/* Begin XCConfigurationList section */
		03A0C7F71C498C7C004213DB /* Build configuration list for PBXProject "Crescendo" */ = {
			isa = XCConfigurationList;
			buildConfigurations = (
				03A0C8151C498C7D004213DB /* Debug */,
				03A0C8161C498C7D004213DB /* Release */,
			);
			defaultConfigurationIsVisible = 0;
			defaultConfigurationName = Release;
		};
		03A0C8171C498C7D004213DB /* Build configuration list for PBXNativeTarget "Crescendo" */ = {
			isa = XCConfigurationList;
			buildConfigurations = (
				03A0C8181C498C7D004213DB /* Debug */,
				03A0C8191C498C7D004213DB /* Release */,
			);
			defaultConfigurationIsVisible = 0;
			defaultConfigurationName = Release;
		};
/* End XCConfigurationList section */
	};
	rootObject = 03A0C7F41C498C7C004213DB /* Project object */;
}
